{
  "name": "PeerChat",
  "lockfileVersion": 3,
  "requires": true,
  "packages": {
    "": {
      "dependencies": {
        "agora-rtm-sdk": "^1.4.5-229"
      }
    },
    "node_modules/agora-rtm-sdk": {
      "version": "1.4.5-229",
      "resolved": "https://registry.npmjs.org/agora-rtm-sdk/-/agora-rtm-sdk-1.4.5-229.tgz",
      "integrity": "sha512-ipZA8ngg3TSBnN11/TEF0/RJWyIWCNByp3xgmXWQslYS3zwCuisvJZzO9sNXz5yot7BOIqsjrb9lGFzYhROpuQ=="
    }
  }
}
